// !$*UTF8*$!
{
	archiveVersion = 1;
	classes = {
	};
	objectVersion = 51;
	objects = {

/* Begin PBXBuildFile section */
		6198D5FB2FEE3B7DE0C874D6 /* Pods_iOSSakshitAppTests.framework in Frameworks */ = {isa = PBXBuildFile; fileRef = 82E3B9C4ABF015300C122DDC /* Pods_iOSSakshitAppTests.framework */; };
		AB5BD7A3A57043CBAFC3562B /* Pods_iOSSakshitApp_iOSSakshitAppUITests.framework in Frameworks */ = {isa = PBXBuildFile; fileRef = 3545633AD95A489F9F015628 /* Pods_iOSSakshitApp_iOSSakshitAppUITests.framework */; };
		C01628996B1E0D6A7935DBBC /* Pods_iOSSakshitApp.framework in Frameworks */ = {isa = PBXBuildFile; fileRef = 3F78FB8F8F2EB6CC96E2FB8E /* Pods_iOSSakshitApp.framework */; };
		C8DBB8DC26050FC500B0CD0B /* iOSSakshitAppApp.swift in Sources */ = {isa = PBXBuildFile; fileRef = C8DBB8DB26050FC500B0CD0B /* iOSSakshitAppApp.swift */; };
		C8DBB8DE26050FC500B0CD0B /* ContentView.swift in Sources */ = {isa = PBXBuildFile; fileRef = C8DBB8DD26050FC500B0CD0B /* ContentView.swift */; };
		C8DBB8E026050FCD00B0CD0B /* Assets.xcassets in Resources */ = {isa = PBXBuildFile; fileRef = C8DBB8DF26050FCD00B0CD0B /* Assets.xcassets */; };
		C8DBB8E326050FCD00B0CD0B /* Preview Assets.xcassets in Resources */ = {isa = PBXBuildFile; fileRef = C8DBB8E226050FCD00B0CD0B /* Preview Assets.xcassets */; };
		C8DBB8EE26050FCE00B0CD0B /* iOSSakshitAppTests.swift in Sources */ = {isa = PBXBuildFile; fileRef = C8DBB8ED26050FCE00B0CD0B /* iOSSakshitAppTests.swift */; };
		C8DBB8F926050FCE00B0CD0B /* iOSSakshitAppUITests.swift in Sources */ = {isa = PBXBuildFile; fileRef = C8DBB8F826050FCE00B0CD0B /* iOSSakshitAppUITests.swift */; };
		C8DBB91C2605236700B0CD0B /* shared.framework in Frameworks */ = {isa = PBXBuildFile; fileRef = C8DBB91326051F9400B0CD0B /* shared.framework */; };
		C8DBB91D2605236700B0CD0B /* shared.framework in Embed Frameworks */ = {isa = PBXBuildFile; fileRef = C8DBB91326051F9400B0CD0B /* shared.framework */; settings = {ATTRIBUTES = (CodeSignOnCopy, RemoveHeadersOnCopy, ); }; };
		C8DBB9A726053D1B00B0CD0B /* GoogleService-Info.plist in Resources */ = {isa = PBXBuildFile; fileRef = C8DBB9A626053D1B00B0CD0B /* GoogleService-Info.plist */; };
		C8DBB9A826053D1B00B0CD0B /* GoogleService-Info.plist in Resources */ = {isa = PBXBuildFile; fileRef = C8DBB9A626053D1B00B0CD0B /* GoogleService-Info.plist */; };
		C8DBB9A926053D1B00B0CD0B /* GoogleService-Info.plist in Resources */ = {isa = PBXBuildFile; fileRef = C8DBB9A626053D1B00B0CD0B /* GoogleService-Info.plist */; };
/* End PBXBuildFile section */

/* Begin PBXContainerItemProxy section */
		C8DBB8EA26050FCE00B0CD0B /* PBXContainerItemProxy */ = {
			isa = PBXContainerItemProxy;
			containerPortal = C8DBB8D026050FC500B0CD0B /* Project object */;
			proxyType = 1;
			remoteGlobalIDString = C8DBB8D726050FC500B0CD0B;
			remoteInfo = iOSSakshitApp;
		};
		C8DBB8F526050FCE00B0CD0B /* PBXContainerItemProxy */ = {
			isa = PBXContainerItemProxy;
			containerPortal = C8DBB8D026050FC500B0CD0B /* Project object */;
			proxyType = 1;
			remoteGlobalIDString = C8DBB8D726050FC500B0CD0B;
			remoteInfo = iOSSakshitApp;
		};
/* End PBXContainerItemProxy section */

/* Begin PBXCopyFilesBuildPhase section */
		C8DBB91E2605236700B0CD0B /* Embed Frameworks */ = {
			isa = PBXCopyFilesBuildPhase;
			buildActionMask = 2147483647;
			dstPath = "";
			dstSubfolderSpec = 10;
			files = (
				C8DBB91D2605236700B0CD0B /* shared.framework in Embed Frameworks */,
			);
			name = "Embed Frameworks";
			runOnlyForDeploymentPostprocessing = 0;
		};
/* End PBXCopyFilesBuildPhase section */

/* Begin PBXFileReference section */
		1CFB869DA9EC60280269B6BC /* Pods-iOSSakshitAppTests.release.xcconfig */ = {isa = PBXFileReference; includeInIndex = 1; lastKnownFileType = text.xcconfig; name = "Pods-iOSSakshitAppTests.release.xcconfig"; path = "Target Support Files/Pods-iOSSakshitAppTests/Pods-iOSSakshitAppTests.release.xcconfig"; sourceTree = "<group>"; };
		3545633AD95A489F9F015628 /* Pods_iOSSakshitApp_iOSSakshitAppUITests.framework */ = {isa = PBXFileReference; explicitFileType = wrapper.framework; includeInIndex = 0; path = Pods_iOSSakshitApp_iOSSakshitAppUITests.framework; sourceTree = BUILT_PRODUCTS_DIR; };
		3F78FB8F8F2EB6CC96E2FB8E /* Pods_iOSSakshitApp.framework */ = {isa = PBXFileReference; explicitFileType = wrapper.framework; includeInIndex = 0; path = Pods_iOSSakshitApp.framework; sourceTree = BUILT_PRODUCTS_DIR; };
		634DC3910D40D659B9BBBB77 /* Pods-iOSSakshitAppTests.debug.xcconfig */ = {isa = PBXFileReference; includeInIndex = 1; lastKnownFileType = text.xcconfig; name = "Pods-iOSSakshitAppTests.debug.xcconfig"; path = "Target Support Files/Pods-iOSSakshitAppTests/Pods-iOSSakshitAppTests.debug.xcconfig"; sourceTree = "<group>"; };
		82E3B9C4ABF015300C122DDC /* Pods_iOSSakshitAppTests.framework */ = {isa = PBXFileReference; explicitFileType = wrapper.framework; includeInIndex = 0; path = Pods_iOSSakshitAppTests.framework; sourceTree = BUILT_PRODUCTS_DIR; };
		A4E323D3613CCF3A39526824 /* Pods-iOSSakshitApp-iOSSakshitAppUITests.release.xcconfig */ = {isa = PBXFileReference; includeInIndex = 1; lastKnownFileType = text.xcconfig; name = "Pods-iOSSakshitApp-iOSSakshitAppUITests.release.xcconfig"; path = "Target Support Files/Pods-iOSSakshitApp-iOSSakshitAppUITests/Pods-iOSSakshitApp-iOSSakshitAppUITests.release.xcconfig"; sourceTree = "<group>"; };
		B5BA14F4C4E1C48556173131 /* Pods-iOSSakshitApp.debug.xcconfig */ = {isa = PBXFileReference; includeInIndex = 1; lastKnownFileType = text.xcconfig; name = "Pods-iOSSakshitApp.debug.xcconfig"; path = "Target Support Files/Pods-iOSSakshitApp/Pods-iOSSakshitApp.debug.xcconfig"; sourceTree = "<group>"; };
		C8DBB8D826050FC500B0CD0B /* iOSSakshitApp.app */ = {isa = PBXFileReference; explicitFileType = wrapper.application; includeInIndex = 0; path = iOSSakshitApp.app; sourceTree = BUILT_PRODUCTS_DIR; };
		C8DBB8DB26050FC500B0CD0B /* iOSSakshitAppApp.swift */ = {isa = PBXFileReference; lastKnownFileType = sourcecode.swift; path = iOSSakshitAppApp.swift; sourceTree = "<group>"; };
		C8DBB8DD26050FC500B0CD0B /* ContentView.swift */ = {isa = PBXFileReference; lastKnownFileType = sourcecode.swift; path = ContentView.swift; sourceTree = "<group>"; };
		C8DBB8DF26050FCD00B0CD0B /* Assets.xcassets */ = {isa = PBXFileReference; lastKnownFileType = folder.assetcatalog; path = Assets.xcassets; sourceTree = "<group>"; };
		C8DBB8E226050FCD00B0CD0B /* Preview Assets.xcassets */ = {isa = PBXFileReference; lastKnownFileType = folder.assetcatalog; path = "Preview Assets.xcassets"; sourceTree = "<group>"; };
		C8DBB8E426050FCD00B0CD0B /* Info.plist */ = {isa = PBXFileReference; lastKnownFileType = text.plist.xml; path = Info.plist; sourceTree = "<group>"; };
		C8DBB8E926050FCE00B0CD0B /* iOSSakshitAppTests.xctest */ = {isa = PBXFileReference; explicitFileType = wrapper.cfbundle; includeInIndex = 0; path = iOSSakshitAppTests.xctest; sourceTree = BUILT_PRODUCTS_DIR; };
		C8DBB8ED26050FCE00B0CD0B /* iOSSakshitAppTests.swift */ = {isa = PBXFileReference; lastKnownFileType = sourcecode.swift; path = iOSSakshitAppTests.swift; sourceTree = "<group>"; };
		C8DBB8EF26050FCE00B0CD0B /* Info.plist */ = {isa = PBXFileReference; lastKnownFileType = text.plist.xml; path = Info.plist; sourceTree = "<group>"; };
		C8DBB8F426050FCE00B0CD0B /* iOSSakshitAppUITests.xctest */ = {isa = PBXFileReference; explicitFileType = wrapper.cfbundle; includeInIndex = 0; path = iOSSakshitAppUITests.xctest; sourceTree = BUILT_PRODUCTS_DIR; };
		C8DBB8F826050FCE00B0CD0B /* iOSSakshitAppUITests.swift */ = {isa = PBXFileReference; lastKnownFileType = sourcecode.swift; path = iOSSakshitAppUITests.swift; sourceTree = "<group>"; };
		C8DBB8FA26050FCE00B0CD0B /* Info.plist */ = {isa = PBXFileReference; lastKnownFileType = text.plist.xml; path = Info.plist; sourceTree = "<group>"; };
		C8DBB91326051F9400B0CD0B /* shared.framework */ = {isa = PBXFileReference; lastKnownFileType = wrapper.framework; name = shared.framework; path = "../android/shared/build/xcode-frameworks/shared.framework"; sourceTree = "<group>"; };
		C8DBB9A626053D1B00B0CD0B /* GoogleService-Info.plist */ = {isa = PBXFileReference; fileEncoding = 4; lastKnownFileType = text.plist.xml; path = "GoogleService-Info.plist"; sourceTree = "<group>"; };
		D5595A44641EAE0615FBDC42 /* Pods-iOSSakshitApp.release.xcconfig */ = {isa = PBXFileReference; includeInIndex = 1; lastKnownFileType = text.xcconfig; name = "Pods-iOSSakshitApp.release.xcconfig"; path = "Target Support Files/Pods-iOSSakshitApp/Pods-iOSSakshitApp.release.xcconfig"; sourceTree = "<group>"; };
		F54301CDA4637D76F0C35ACB /* Pods-iOSSakshitApp-iOSSakshitAppUITests.debug.xcconfig */ = {isa = PBXFileReference; includeInIndex = 1; lastKnownFileType = text.xcconfig; name = "Pods-iOSSakshitApp-iOSSakshitAppUITests.debug.xcconfig"; path = "Target Support Files/Pods-iOSSakshitApp-iOSSakshitAppUITests/Pods-iOSSakshitApp-iOSSakshitAppUITests.debug.xcconfig"; sourceTree = "<group>"; };
/* End PBXFileReference section */

/* Begin PBXFrameworksBuildPhase section */
		C8DBB8D526050FC500B0CD0B /* Frameworks */ = {
			isa = PBXFrameworksBuildPhase;
			buildActionMask = 2147483647;
			files = (
				C8DBB91C2605236700B0CD0B /* shared.framework in Frameworks */,
				C01628996B1E0D6A7935DBBC /* Pods_iOSSakshitApp.framework in Frameworks */,
			);
			runOnlyForDeploymentPostprocessing = 0;
		};
		C8DBB8E626050FCE00B0CD0B /* Frameworks */ = {
			isa = PBXFrameworksBuildPhase;
			buildActionMask = 2147483647;
			files = (
				6198D5FB2FEE3B7DE0C874D6 /* Pods_iOSSakshitAppTests.framework in Frameworks */,
			);
			runOnlyForDeploymentPostprocessing = 0;
		};
		C8DBB8F126050FCE00B0CD0B /* Frameworks */ = {
			isa = PBXFrameworksBuildPhase;
			buildActionMask = 2147483647;
			files = (
				AB5BD7A3A57043CBAFC3562B /* Pods_iOSSakshitApp_iOSSakshitAppUITests.framework in Frameworks */,
			);
			runOnlyForDeploymentPostprocessing = 0;
		};
/* End PBXFrameworksBuildPhase section */

/* Begin PBXGroup section */
		6F2B8C8C5287362EF316D49E /* Pods */ = {
			isa = PBXGroup;
			children = (
				B5BA14F4C4E1C48556173131 /* Pods-iOSSakshitApp.debug.xcconfig */,
				D5595A44641EAE0615FBDC42 /* Pods-iOSSakshitApp.release.xcconfig */,
				F54301CDA4637D76F0C35ACB /* Pods-iOSSakshitApp-iOSSakshitAppUITests.debug.xcconfig */,
				A4E323D3613CCF3A39526824 /* Pods-iOSSakshitApp-iOSSakshitAppUITests.release.xcconfig */,
				634DC3910D40D659B9BBBB77 /* Pods-iOSSakshitAppTests.debug.xcconfig */,
				1CFB869DA9EC60280269B6BC /* Pods-iOSSakshitAppTests.release.xcconfig */,
			);
			path = Pods;
			sourceTree = "<group>";
		};
		C8DBB8CF26050FC500B0CD0B = {
			isa = PBXGroup;
			children = (
				C8DBB8DA26050FC500B0CD0B /* iOSSakshitApp */,
				C8DBB8EC26050FCE00B0CD0B /* iOSSakshitAppTests */,
				C8DBB8F726050FCE00B0CD0B /* iOSSakshitAppUITests */,
				C8DBB8D926050FC500B0CD0B /* Products */,
				C8DBB91226051F9300B0CD0B /* Frameworks */,
				6F2B8C8C5287362EF316D49E /* Pods */,
			);
			sourceTree = "<group>";
		};
		C8DBB8D926050FC500B0CD0B /* Products */ = {
			isa = PBXGroup;
			children = (
				C8DBB8D826050FC500B0CD0B /* iOSSakshitApp.app */,
				C8DBB8E926050FCE00B0CD0B /* iOSSakshitAppTests.xctest */,
				C8DBB8F426050FCE00B0CD0B /* iOSSakshitAppUITests.xctest */,
			);
			name = Products;
			sourceTree = "<group>";
		};
		C8DBB8DA26050FC500B0CD0B /* iOSSakshitApp */ = {
			isa = PBXGroup;
			children = (
				C8DBB9A626053D1B00B0CD0B /* GoogleService-Info.plist */,
				C8DBB8DB26050FC500B0CD0B /* iOSSakshitAppApp.swift */,
				C8DBB8DD26050FC500B0CD0B /* ContentView.swift */,
				C8DBB8DF26050FCD00B0CD0B /* Assets.xcassets */,
				C8DBB8E426050FCD00B0CD0B /* Info.plist */,
				C8DBB8E126050FCD00B0CD0B /* Preview Content */,
			);
			path = iOSSakshitApp;
			sourceTree = "<group>";
		};
		C8DBB8E126050FCD00B0CD0B /* Preview Content */ = {
			isa = PBXGroup;
			children = (
				C8DBB8E226050FCD00B0CD0B /* Preview Assets.xcassets */,
			);
			path = "Preview Content";
			sourceTree = "<group>";
		};
		C8DBB8EC26050FCE00B0CD0B /* iOSSakshitAppTests */ = {
			isa = PBXGroup;
			children = (
				C8DBB8ED26050FCE00B0CD0B /* iOSSakshitAppTests.swift */,
				C8DBB8EF26050FCE00B0CD0B /* Info.plist */,
			);
			path = iOSSakshitAppTests;
			sourceTree = "<group>";
		};
		C8DBB8F726050FCE00B0CD0B /* iOSSakshitAppUITests */ = {
			isa = PBXGroup;
			children = (
				C8DBB8F826050FCE00B0CD0B /* iOSSakshitAppUITests.swift */,
				C8DBB8FA26050FCE00B0CD0B /* Info.plist */,
			);
			path = iOSSakshitAppUITests;
			sourceTree = "<group>";
		};
		C8DBB91226051F9300B0CD0B /* Frameworks */ = {
			isa = PBXGroup;
			children = (
				C8DBB91326051F9400B0CD0B /* shared.framework */,
				3F78FB8F8F2EB6CC96E2FB8E /* Pods_iOSSakshitApp.framework */,
				3545633AD95A489F9F015628 /* Pods_iOSSakshitApp_iOSSakshitAppUITests.framework */,
				82E3B9C4ABF015300C122DDC /* Pods_iOSSakshitAppTests.framework */,
			);
			name = Frameworks;
			sourceTree = "<group>";
		};
/* End PBXGroup section */

/* Begin PBXNativeTarget section */
		C8DBB8D726050FC500B0CD0B /* iOSSakshitApp */ = {
			isa = PBXNativeTarget;
			buildConfigurationList = C8DBB8FD26050FCE00B0CD0B /* Build configuration list for PBXNativeTarget "iOSSakshitApp" */;
			buildPhases = (
				385849B31FE48FF9D05F5726 /* [CP] Check Pods Manifest.lock */,
				C8DBB9152605206200B0CD0B /* ShellScript */,
				C8DBB8D426050FC500B0CD0B /* Sources */,
				C8DBB8D526050FC500B0CD0B /* Frameworks */,
				C8DBB8D626050FC500B0CD0B /* Resources */,
				C8DBB91E2605236700B0CD0B /* Embed Frameworks */,
				9FAF00D39DC2184605BAB17B /* [CP] Embed Pods Frameworks */,
				C8DBB9532605369A00B0CD0B /* ShellScript */,
			);
			buildRules = (
			);
			dependencies = (
			);
			name = iOSSakshitApp;
			productName = iOSSakshitApp;
			productReference = C8DBB8D826050FC500B0CD0B /* iOSSakshitApp.app */;
			productType = "com.apple.product-type.application";
		};
		C8DBB8E826050FCE00B0CD0B /* iOSSakshitAppTests */ = {
			isa = PBXNativeTarget;
			buildConfigurationList = C8DBB90026050FCE00B0CD0B /* Build configuration list for PBXNativeTarget "iOSSakshitAppTests" */;
			buildPhases = (
				F8B0D8D66316379F1E1944E7 /* [CP] Check Pods Manifest.lock */,
				C8DBB8E526050FCE00B0CD0B /* Sources */,
				C8DBB8E626050FCE00B0CD0B /* Frameworks */,
				C8DBB8E726050FCE00B0CD0B /* Resources */,
			);
			buildRules = (
			);
			dependencies = (
				C8DBB8EB26050FCE00B0CD0B /* PBXTargetDependency */,
			);
			name = iOSSakshitAppTests;
			productName = iOSSakshitAppTests;
			productReference = C8DBB8E926050FCE00B0CD0B /* iOSSakshitAppTests.xctest */;
			productType = "com.apple.product-type.bundle.unit-test";
		};
		C8DBB8F326050FCE00B0CD0B /* iOSSakshitAppUITests */ = {
			isa = PBXNativeTarget;
			buildConfigurationList = C8DBB90326050FCE00B0CD0B /* Build configuration list for PBXNativeTarget "iOSSakshitAppUITests" */;
			buildPhases = (
				E4C4838F9699D773A9AD12A8 /* [CP] Check Pods Manifest.lock */,
				C8DBB8F026050FCE00B0CD0B /* Sources */,
				C8DBB8F126050FCE00B0CD0B /* Frameworks */,
				C8DBB8F226050FCE00B0CD0B /* Resources */,
				841945084E8028202BB9D545 /* [CP] Embed Pods Frameworks */,
			);
			buildRules = (
			);
			dependencies = (
				C8DBB8F626050FCE00B0CD0B /* PBXTargetDependency */,
			);
			name = iOSSakshitAppUITests;
			productName = iOSSakshitAppUITests;
			productReference = C8DBB8F426050FCE00B0CD0B /* iOSSakshitAppUITests.xctest */;
			productType = "com.apple.product-type.bundle.ui-testing";
		};
/* End PBXNativeTarget section */

/* Begin PBXProject section */
		C8DBB8D026050FC500B0CD0B /* Project object */ = {
			isa = PBXProject;
			attributes = {
				LastSwiftUpdateCheck = 1240;
				LastUpgradeCheck = 1240;
				TargetAttributes = {
					C8DBB8D726050FC500B0CD0B = {
						CreatedOnToolsVersion = 12.4;
					};
					C8DBB8E826050FCE00B0CD0B = {
						CreatedOnToolsVersion = 12.4;
						TestTargetID = C8DBB8D726050FC500B0CD0B;
					};
					C8DBB8F326050FCE00B0CD0B = {
						CreatedOnToolsVersion = 12.4;
						TestTargetID = C8DBB8D726050FC500B0CD0B;
					};
				};
			};
			buildConfigurationList = C8DBB8D326050FC500B0CD0B /* Build configuration list for PBXProject "iOSSakshitApp" */;
			compatibilityVersion = "Xcode 9.3";
			developmentRegion = en;
			hasScannedForEncodings = 0;
			knownRegions = (
				en,
				Base,
			);
			mainGroup = C8DBB8CF26050FC500B0CD0B;
			productRefGroup = C8DBB8D926050FC500B0CD0B /* Products */;
			projectDirPath = "";
			projectRoot = "";
			targets = (
				C8DBB8D726050FC500B0CD0B /* iOSSakshitApp */,
				C8DBB8E826050FCE00B0CD0B /* iOSSakshitAppTests */,
				C8DBB8F326050FCE00B0CD0B /* iOSSakshitAppUITests */,
			);
		};
/* End PBXProject section */

/* Begin PBXResourcesBuildPhase section */
		C8DBB8D626050FC500B0CD0B /* Resources */ = {
			isa = PBXResourcesBuildPhase;
			buildActionMask = 2147483647;
			files = (
				C8DBB8E326050FCD00B0CD0B /* Preview Assets.xcassets in Resources */,
				C8DBB8E026050FCD00B0CD0B /* Assets.xcassets in Resources */,
				C8DBB9A726053D1B00B0CD0B /* GoogleService-Info.plist in Resources */,
			);
			runOnlyForDeploymentPostprocessing = 0;
		};
		C8DBB8E726050FCE00B0CD0B /* Resources */ = {
			isa = PBXResourcesBuildPhase;
			buildActionMask = 2147483647;
			files = (
				C8DBB9A826053D1B00B0CD0B /* GoogleService-Info.plist in Resources */,
			);
			runOnlyForDeploymentPostprocessing = 0;
		};
		C8DBB8F226050FCE00B0CD0B /* Resources */ = {
			isa = PBXResourcesBuildPhase;
			buildActionMask = 2147483647;
			files = (
				C8DBB9A926053D1B00B0CD0B /* GoogleService-Info.plist in Resources */,
			);
			runOnlyForDeploymentPostprocessing = 0;
		};
/* End PBXResourcesBuildPhase section */

/* Begin PBXShellScriptBuildPhase section */
		385849B31FE48FF9D05F5726 /* [CP] Check Pods Manifest.lock */ = {
			isa = PBXShellScriptBuildPhase;
			buildActionMask = 2147483647;
			files = (
			);
			inputFileListPaths = (
			);
			inputPaths = (
				"${PODS_PODFILE_DIR_PATH}/Podfile.lock",
				"${PODS_ROOT}/Manifest.lock",
			);
			name = "[CP] Check Pods Manifest.lock";
			outputFileListPaths = (
			);
			outputPaths = (
				"$(DERIVED_FILE_DIR)/Pods-iOSSakshitApp-checkManifestLockResult.txt",
			);
			runOnlyForDeploymentPostprocessing = 0;
			shellPath = /bin/sh;
			shellScript = "diff \"${PODS_PODFILE_DIR_PATH}/Podfile.lock\" \"${PODS_ROOT}/Manifest.lock\" > /dev/null\nif [ $? != 0 ] ; then\n    # print error to STDERR\n    echo \"error: The sandbox is not in sync with the Podfile.lock. Run 'pod install' or update your CocoaPods installation.\" >&2\n    exit 1\nfi\n# This output is used by Xcode 'outputs' to avoid re-running this script phase.\necho \"SUCCESS\" > \"${SCRIPT_OUTPUT_FILE_0}\"\n";
			showEnvVarsInLog = 0;
		};
		841945084E8028202BB9D545 /* [CP] Embed Pods Frameworks */ = {
			isa = PBXShellScriptBuildPhase;
			buildActionMask = 2147483647;
			files = (
			);
			inputFileListPaths = (
				"${PODS_ROOT}/Target Support Files/Pods-iOSSakshitApp-iOSSakshitAppUITests/Pods-iOSSakshitApp-iOSSakshitAppUITests-frameworks-${CONFIGURATION}-input-files.xcfilelist",
			);
			name = "[CP] Embed Pods Frameworks";
			outputFileListPaths = (
				"${PODS_ROOT}/Target Support Files/Pods-iOSSakshitApp-iOSSakshitAppUITests/Pods-iOSSakshitApp-iOSSakshitAppUITests-frameworks-${CONFIGURATION}-output-files.xcfilelist",
			);
			runOnlyForDeploymentPostprocessing = 0;
			shellPath = /bin/sh;
			shellScript = "\"${PODS_ROOT}/Target Support Files/Pods-iOSSakshitApp-iOSSakshitAppUITests/Pods-iOSSakshitApp-iOSSakshitAppUITests-frameworks.sh\"\n";
			showEnvVarsInLog = 0;
		};
		9FAF00D39DC2184605BAB17B /* [CP] Embed Pods Frameworks */ = {
			isa = PBXShellScriptBuildPhase;
			buildActionMask = 2147483647;
			files = (
			);
			inputFileListPaths = (
				"${PODS_ROOT}/Target Support Files/Pods-iOSSakshitApp/Pods-iOSSakshitApp-frameworks-${CONFIGURATION}-input-files.xcfilelist",
			);
			name = "[CP] Embed Pods Frameworks";
			outputFileListPaths = (
				"${PODS_ROOT}/Target Support Files/Pods-iOSSakshitApp/Pods-iOSSakshitApp-frameworks-${CONFIGURATION}-output-files.xcfilelist",
			);
			runOnlyForDeploymentPostprocessing = 0;
			shellPath = /bin/sh;
			shellScript = "\"${PODS_ROOT}/Target Support Files/Pods-iOSSakshitApp/Pods-iOSSakshitApp-frameworks.sh\"\n";
			showEnvVarsInLog = 0;
		};
		C8DBB9152605206200B0CD0B /* ShellScript */ = {
			isa = PBXShellScriptBuildPhase;
			buildActionMask = 2147483647;
			files = (
			);
			inputFileListPaths = (
			);
			inputPaths = (
			);
			outputFileListPaths = (
			);
			outputPaths = (
			);
			runOnlyForDeploymentPostprocessing = 0;
			shellPath = /bin/sh;
			shellScript = "cd \"$SRCROOT/../android\"\n./gradlew :shared:packForXCode -PXCODE_CONFIGURATION=${CONFIGURATION}\n";
		};
		C8DBB9532605369A00B0CD0B /* ShellScript */ = {
			isa = PBXShellScriptBuildPhase;
			buildActionMask = 2147483647;
			files = (
			);
			inputFileListPaths = (
			);
			inputPaths = (
				"${DWARF_DSYM_FOLDER_PATH}/${DWARF_DSYM_FILE_NAME}/Contents/Resources/DWARF/${TARGET_NAME}",
				"$(SRCROOT)/../android/shared/build/xcode-frameworks/*.dSYM",
				"$(SRCROOT)/$(BUILT_PRODUCTS_DIR)/$(INFOPLIST_PATH)",
			);
			outputFileListPaths = (
			);
			outputPaths = (
			);
			runOnlyForDeploymentPostprocessing = 0;
			shellPath = /bin/sh;
			shellScript = "\"${PODS_ROOT}/FirebaseCrashlytics/run\"\n";
		};
		E4C4838F9699D773A9AD12A8 /* [CP] Check Pods Manifest.lock */ = {
			isa = PBXShellScriptBuildPhase;
			buildActionMask = 2147483647;
			files = (
			);
			inputFileListPaths = (
			);
			inputPaths = (
				"${PODS_PODFILE_DIR_PATH}/Podfile.lock",
				"${PODS_ROOT}/Manifest.lock",
			);
			name = "[CP] Check Pods Manifest.lock";
			outputFileListPaths = (
			);
			outputPaths = (
				"$(DERIVED_FILE_DIR)/Pods-iOSSakshitApp-iOSSakshitAppUITests-checkManifestLockResult.txt",
			);
			runOnlyForDeploymentPostprocessing = 0;
			shellPath = /bin/sh;
			shellScript = "diff \"${PODS_PODFILE_DIR_PATH}/Podfile.lock\" \"${PODS_ROOT}/Manifest.lock\" > /dev/null\nif [ $? != 0 ] ; then\n    # print error to STDERR\n    echo \"error: The sandbox is not in sync with the Podfile.lock. Run 'pod install' or update your CocoaPods installation.\" >&2\n    exit 1\nfi\n# This output is used by Xcode 'outputs' to avoid re-running this script phase.\necho \"SUCCESS\" > \"${SCRIPT_OUTPUT_FILE_0}\"\n";
			showEnvVarsInLog = 0;
		};
		F8B0D8D66316379F1E1944E7 /* [CP] Check Pods Manifest.lock */ = {
			isa = PBXShellScriptBuildPhase;
			buildActionMask = 2147483647;
			files = (
			);
			inputFileListPaths = (
			);
			inputPaths = (
				"${PODS_PODFILE_DIR_PATH}/Podfile.lock",
				"${PODS_ROOT}/Manifest.lock",
			);
			name = "[CP] Check Pods Manifest.lock";
			outputFileListPaths = (
			);
			outputPaths = (
				"$(DERIVED_FILE_DIR)/Pods-iOSSakshitAppTests-checkManifestLockResult.txt",
			);
			runOnlyForDeploymentPostprocessing = 0;
			shellPath = /bin/sh;
			shellScript = "diff \"${PODS_PODFILE_DIR_PATH}/Podfile.lock\" \"${PODS_ROOT}/Manifest.lock\" > /dev/null\nif [ $? != 0 ] ; then\n    # print error to STDERR\n    echo \"error: The sandbox is not in sync with the Podfile.lock. Run 'pod install' or update your CocoaPods installation.\" >&2\n    exit 1\nfi\n# This output is used by Xcode 'outputs' to avoid re-running this script phase.\necho \"SUCCESS\" > \"${SCRIPT_OUTPUT_FILE_0}\"\n";
			showEnvVarsInLog = 0;
		};
/* End PBXShellScriptBuildPhase section */

/* Begin PBXSourcesBuildPhase section */
		C8DBB8D426050FC500B0CD0B /* Sources */ = {
			isa = PBXSourcesBuildPhase;
			buildActionMask = 2147483647;
			files = (
				C8DBB8DE26050FC500B0CD0B /* ContentView.swift in Sources */,
				C8DBB8DC26050FC500B0CD0B /* iOSSakshitAppApp.swift in Sources */,
			);
			runOnlyForDeploymentPostprocessing = 0;
		};
		C8DBB8E526050FCE00B0CD0B /* Sources */ = {
			isa = PBXSourcesBuildPhase;
			buildActionMask = 2147483647;
			files = (
				C8DBB8EE26050FCE00B0CD0B /* iOSSakshitAppTests.swift in Sources */,
			);
			runOnlyForDeploymentPostprocessing = 0;
		};
		C8DBB8F026050FCE00B0CD0B /* Sources */ = {
			isa = PBXSourcesBuildPhase;
			buildActionMask = 2147483647;
			files = (
				C8DBB8F926050FCE00B0CD0B /* iOSSakshitAppUITests.swift in Sources */,
			);
			runOnlyForDeploymentPostprocessing = 0;
		};
/* End PBXSourcesBuildPhase section */

/* Begin PBXTargetDependency section */
		C8DBB8EB26050FCE00B0CD0B /* PBXTargetDependency */ = {
			isa = PBXTargetDependency;
			target = C8DBB8D726050FC500B0CD0B /* iOSSakshitApp */;
			targetProxy = C8DBB8EA26050FCE00B0CD0B /* PBXContainerItemProxy */;
		};
		C8DBB8F626050FCE00B0CD0B /* PBXTargetDependency */ = {
			isa = PBXTargetDependency;
			target = C8DBB8D726050FC500B0CD0B /* iOSSakshitApp */;
			targetProxy = C8DBB8F526050FCE00B0CD0B /* PBXContainerItemProxy */;
		};
/* End PBXTargetDependency section */

/* Begin XCBuildConfiguration section */
		C8DBB8FB26050FCE00B0CD0B /* Debug */ = {
			isa = XCBuildConfiguration;
			buildSettings = {
				ALWAYS_SEARCH_USER_PATHS = NO;
				CLANG_ANALYZER_NONNULL = YES;
				CLANG_ANALYZER_NUMBER_OBJECT_CONVERSION = YES_AGGRESSIVE;
				CLANG_CXX_LANGUAGE_STANDARD = "gnu++14";
				CLANG_CXX_LIBRARY = "libc++";
				CLANG_ENABLE_MODULES = YES;
				CLANG_ENABLE_OBJC_ARC = YES;
				CLANG_ENABLE_OBJC_WEAK = YES;
				CLANG_WARN_BLOCK_CAPTURE_AUTORELEASING = YES;
				CLANG_WARN_BOOL_CONVERSION = YES;
				CLANG_WARN_COMMA = YES;
				CLANG_WARN_CONSTANT_CONVERSION = YES;
				CLANG_WARN_DEPRECATED_OBJC_IMPLEMENTATIONS = YES;
				CLANG_WARN_DIRECT_OBJC_ISA_USAGE = YES_ERROR;
				CLANG_WARN_DOCUMENTATION_COMMENTS = YES;
				CLANG_WARN_EMPTY_BODY = YES;
				CLANG_WARN_ENUM_CONVERSION = YES;
				CLANG_WARN_INFINITE_RECURSION = YES;
				CLANG_WARN_INT_CONVERSION = YES;
				CLANG_WARN_NON_LITERAL_NULL_CONVERSION = YES;
				CLANG_WARN_OBJC_IMPLICIT_RETAIN_SELF = YES;
				CLANG_WARN_OBJC_LITERAL_CONVERSION = YES;
				CLANG_WARN_OBJC_ROOT_CLASS = YES_ERROR;
				CLANG_WARN_QUOTED_INCLUDE_IN_FRAMEWORK_HEADER = YES;
				CLANG_WARN_RANGE_LOOP_ANALYSIS = YES;
				CLANG_WARN_STRICT_PROTOTYPES = YES;
				CLANG_WARN_SUSPICIOUS_MOVE = YES;
				CLANG_WARN_UNGUARDED_AVAILABILITY = YES_AGGRESSIVE;
				CLANG_WARN_UNREACHABLE_CODE = YES;
				CLANG_WARN__DUPLICATE_METHOD_MATCH = YES;
				COPY_PHASE_STRIP = NO;
				DEBUG_INFORMATION_FORMAT = dwarf;
				ENABLE_STRICT_OBJC_MSGSEND = YES;
				ENABLE_TESTABILITY = YES;
				GCC_C_LANGUAGE_STANDARD = gnu11;
				GCC_DYNAMIC_NO_PIC = NO;
				GCC_NO_COMMON_BLOCKS = YES;
				GCC_OPTIMIZATION_LEVEL = 0;
				GCC_PREPROCESSOR_DEFINITIONS = (
					"DEBUG=1",
					"$(inherited)",
				);
				GCC_WARN_64_TO_32_BIT_CONVERSION = YES;
				GCC_WARN_ABOUT_RETURN_TYPE = YES_ERROR;
				GCC_WARN_UNDECLARED_SELECTOR = YES;
				GCC_WARN_UNINITIALIZED_AUTOS = YES_AGGRESSIVE;
				GCC_WARN_UNUSED_FUNCTION = YES;
				GCC_WARN_UNUSED_VARIABLE = YES;
				IPHONEOS_DEPLOYMENT_TARGET = 13.2;
				MTL_ENABLE_DEBUG_INFO = INCLUDE_SOURCE;
				MTL_FAST_MATH = YES;
				ONLY_ACTIVE_ARCH = YES;
				SDKROOT = iphoneos;
				SWIFT_ACTIVE_COMPILATION_CONDITIONS = DEBUG;
				SWIFT_OPTIMIZATION_LEVEL = "-Onone";
			};
			name = Debug;
		};
		C8DBB8FC26050FCE00B0CD0B /* Release */ = {
			isa = XCBuildConfiguration;
			buildSettings = {
				ALWAYS_SEARCH_USER_PATHS = NO;
				CLANG_ANALYZER_NONNULL = YES;
				CLANG_ANALYZER_NUMBER_OBJECT_CONVERSION = YES_AGGRESSIVE;
				CLANG_CXX_LANGUAGE_STANDARD = "gnu++14";
				CLANG_CXX_LIBRARY = "libc++";
				CLANG_ENABLE_MODULES = YES;
				CLANG_ENABLE_OBJC_ARC = YES;
				CLANG_ENABLE_OBJC_WEAK = YES;
				CLANG_WARN_BLOCK_CAPTURE_AUTORELEASING = YES;
				CLANG_WARN_BOOL_CONVERSION = YES;
				CLANG_WARN_COMMA = YES;
				CLANG_WARN_CONSTANT_CONVERSION = YES;
				CLANG_WARN_DEPRECATED_OBJC_IMPLEMENTATIONS = YES;
				CLANG_WARN_DIRECT_OBJC_ISA_USAGE = YES_ERROR;
				CLANG_WARN_DOCUMENTATION_COMMENTS = YES;
				CLANG_WARN_EMPTY_BODY = YES;
				CLANG_WARN_ENUM_CONVERSION = YES;
				CLANG_WARN_INFINITE_RECURSION = YES;
				CLANG_WARN_INT_CONVERSION = YES;
				CLANG_WARN_NON_LITERAL_NULL_CONVERSION = YES;
				CLANG_WARN_OBJC_IMPLICIT_RETAIN_SELF = YES;
				CLANG_WARN_OBJC_LITERAL_CONVERSION = YES;
				CLANG_WARN_OBJC_ROOT_CLASS = YES_ERROR;
				CLANG_WARN_QUOTED_INCLUDE_IN_FRAMEWORK_HEADER = YES;
				CLANG_WARN_RANGE_LOOP_ANALYSIS = YES;
				CLANG_WARN_STRICT_PROTOTYPES = YES;
				CLANG_WARN_SUSPICIOUS_MOVE = YES;
				CLANG_WARN_UNGUARDED_AVAILABILITY = YES_AGGRESSIVE;
				CLANG_WARN_UNREACHABLE_CODE = YES;
				CLANG_WARN__DUPLICATE_METHOD_MATCH = YES;
				COPY_PHASE_STRIP = NO;
				DEBUG_INFORMATION_FORMAT = "dwarf-with-dsym";
				ENABLE_NS_ASSERTIONS = NO;
				ENABLE_STRICT_OBJC_MSGSEND = YES;
				GCC_C_LANGUAGE_STANDARD = gnu11;
				GCC_NO_COMMON_BLOCKS = YES;
				GCC_WARN_64_TO_32_BIT_CONVERSION = YES;
				GCC_WARN_ABOUT_RETURN_TYPE = YES_ERROR;
				GCC_WARN_UNDECLARED_SELECTOR = YES;
				GCC_WARN_UNINITIALIZED_AUTOS = YES_AGGRESSIVE;
				GCC_WARN_UNUSED_FUNCTION = YES;
				GCC_WARN_UNUSED_VARIABLE = YES;
				IPHONEOS_DEPLOYMENT_TARGET = 13.2;
				MTL_ENABLE_DEBUG_INFO = NO;
				MTL_FAST_MATH = YES;
				SDKROOT = iphoneos;
				SWIFT_COMPILATION_MODE = wholemodule;
				SWIFT_OPTIMIZATION_LEVEL = "-O";
				VALIDATE_PRODUCT = YES;
			};
			name = Release;
		};
		C8DBB8FE26050FCE00B0CD0B /* Debug */ = {
			isa = XCBuildConfiguration;
			baseConfigurationReference = B5BA14F4C4E1C48556173131 /* Pods-iOSSakshitApp.debug.xcconfig */;
			buildSettings = {
				ASSETCATALOG_COMPILER_APPICON_NAME = AppIcon;
				ASSETCATALOG_COMPILER_GLOBAL_ACCENT_COLOR_NAME = AccentColor;
				CODE_SIGN_STYLE = Automatic;
				DEVELOPMENT_ASSET_PATHS = "\"iOSSakshitApp/Preview Content\"";
				DEVELOPMENT_TEAM = BSC84TGZQ7;
				ENABLE_PREVIEWS = YES;
				FRAMEWORK_SEARCH_PATHS = (
					"$(SRCROOT)/../android/shared/build/xcode-frameworks",
					"$(inherited)",
				);
				INFOPLIST_FILE = iOSSakshitApp/Info.plist;
				IPHONEOS_DEPLOYMENT_TARGET = 14.0;
				LD_RUNPATH_SEARCH_PATHS = (
					"$(inherited)",
					"@executable_path/Frameworks",
				);
				PRODUCT_BUNDLE_IDENTIFIER = com.sakshitapp.ios;
				PRODUCT_NAME = "$(TARGET_NAME)";
				SWIFT_VERSION = 5.0;
				TARGETED_DEVICE_FAMILY = "1,2";
			};
			name = Debug;
		};
		C8DBB8FF26050FCE00B0CD0B /* Release */ = {
			isa = XCBuildConfiguration;
			baseConfigurationReference = D5595A44641EAE0615FBDC42 /* Pods-iOSSakshitApp.release.xcconfig */;
			buildSettings = {
				ASSETCATALOG_COMPILER_APPICON_NAME = AppIcon;
				ASSETCATALOG_COMPILER_GLOBAL_ACCENT_COLOR_NAME = AccentColor;
				CODE_SIGN_STYLE = Automatic;
				DEVELOPMENT_ASSET_PATHS = "\"iOSSakshitApp/Preview Content\"";
				DEVELOPMENT_TEAM = BSC84TGZQ7;
				ENABLE_PREVIEWS = YES;
				FRAMEWORK_SEARCH_PATHS = (
					"$(SRCROOT)/../android/shared/build/xcode-frameworks",
					"$(inherited)",
				);
				INFOPLIST_FILE = iOSSakshitApp/Info.plist;
				IPHONEOS_DEPLOYMENT_TARGET = 14.0;
				LD_RUNPATH_SEARCH_PATHS = (
					"$(inherited)",
					"@executable_path/Frameworks",
				);
				PRODUCT_BUNDLE_IDENTIFIER = com.sakshitapp.ios;
				PRODUCT_NAME = "$(TARGET_NAME)";
				SWIFT_VERSION = 5.0;
				TARGETED_DEVICE_FAMILY = "1,2";
			};
			name = Release;
		};
		C8DBB90126050FCE00B0CD0B /* Debug */ = {
			isa = XCBuildConfiguration;
			baseConfigurationReference = 634DC3910D40D659B9BBBB77 /* Pods-iOSSakshitAppTests.debug.xcconfig */;
			buildSettings = {
				ALWAYS_EMBED_SWIFT_STANDARD_LIBRARIES = YES;
				BUNDLE_LOADER = "$(TEST_HOST)";
				CODE_SIGN_STYLE = Automatic;
				DEVELOPMENT_TEAM = BSC84TGZQ7;
				INFOPLIST_FILE = iOSSakshitAppTests/Info.plist;
				IPHONEOS_DEPLOYMENT_TARGET = 14.0;
				LD_RUNPATH_SEARCH_PATHS = (
					"$(inherited)",
					"@executable_path/Frameworks",
					"@loader_path/Frameworks",
				);
				PRODUCT_BUNDLE_IDENTIFIER = com.sakshitapp.iOSSakshitAppTests;
				PRODUCT_NAME = "$(TARGET_NAME)";
				SWIFT_VERSION = 5.0;
				TARGETED_DEVICE_FAMILY = "1,2";
				TEST_HOST = "$(BUILT_PRODUCTS_DIR)/iOSSakshitApp.app/iOSSakshitApp";
			};
			name = Debug;
		};
		C8DBB90226050FCE00B0CD0B /* Release */ = {
			isa = XCBuildConfiguration;
			baseConfigurationReference = 1CFB869DA9EC60280269B6BC /* Pods-iOSSakshitAppTests.release.xcconfig */;
			buildSettings = {
				ALWAYS_EMBED_SWIFT_STANDARD_LIBRARIES = YES;
				BUNDLE_LOADER = "$(TEST_HOST)";
				CODE_SIGN_STYLE = Automatic;
				DEVELOPMENT_TEAM = BSC84TGZQ7;
				INFOPLIST_FILE = iOSSakshitAppTests/Info.plist;
				IPHONEOS_DEPLOYMENT_TARGET = 14.0;
				LD_RUNPATH_SEARCH_PATHS = (
					"$(inherited)",
					"@executable_path/Frameworks",
					"@loader_path/Frameworks",
				);
				PRODUCT_BUNDLE_IDENTIFIER = com.sakshitapp.iOSSakshitAppTests;
				PRODUCT_NAME = "$(TARGET_NAME)";
				SWIFT_VERSION = 5.0;
				TARGETED_DEVICE_FAMILY = "1,2";
				TEST_HOST = "$(BUILT_PRODUCTS_DIR)/iOSSakshitApp.app/iOSSakshitApp";
			};
			name = Release;
		};
		C8DBB90426050FCE00B0CD0B /* Debug */ = {
			isa = XCBuildConfiguration;
			baseConfigurationReference = F54301CDA4637D76F0C35ACB /* Pods-iOSSakshitApp-iOSSakshitAppUITests.debug.xcconfig */;
			buildSettings = {
				ALWAYS_EMBED_SWIFT_STANDARD_LIBRARIES = YES;
				CODE_SIGN_STYLE = Automatic;
				DEVELOPMENT_TEAM = BSC84TGZQ7;
				INFOPLIST_FILE = iOSSakshitAppUITests/Info.plist;
				LD_RUNPATH_SEARCH_PATHS = (
					"$(inherited)",
					"@executable_path/Frameworks",
					"@loader_path/Frameworks",
				);
				PRODUCT_BUNDLE_IDENTIFIER = com.sakshitapp.iOSSakshitAppUITests;
				PRODUCT_NAME = "$(TARGET_NAME)";
				SWIFT_VERSION = 5.0;
				TARGETED_DEVICE_FAMILY = "1,2";
				TEST_TARGET_NAME = iOSSakshitApp;
			};
			name = Debug;
		};
		C8DBB90526050FCE00B0CD0B /* Release */ = {
			isa = XCBuildConfiguration;
			baseConfigurationReference = A4E323D3613CCF3A39526824 /* Pods-iOSSakshitApp-iOSSakshitAppUITests.release.xcconfig */;
			buildSettings = {
				ALWAYS_EMBED_SWIFT_STANDARD_LIBRARIES = YES;
				CODE_SIGN_STYLE = Automatic;
				DEVELOPMENT_TEAM = BSC84TGZQ7;
				INFOPLIST_FILE = iOSSakshitAppUITests/Info.plist;
				LD_RUNPATH_SEARCH_PATHS = (
					"$(inherited)",
					"@executable_path/Frameworks",
					"@loader_path/Frameworks",
				);
				PRODUCT_BUNDLE_IDENTIFIER = com.sakshitapp.iOSSakshitAppUITests;
				PRODUCT_NAME = "$(TARGET_NAME)";
				SWIFT_VERSION = 5.0;
				TARGETED_DEVICE_FAMILY = "1,2";
				TEST_TARGET_NAME = iOSSakshitApp;
			};
			name = Release;
		};
/* End XCBuildConfiguration section */

/* Begin XCConfigurationList section */
		C8DBB8D326050FC500B0CD0B /* Build configuration list for PBXProject "iOSSakshitApp" */ = {
			isa = XCConfigurationList;
			buildConfigurations = (
				C8DBB8FB26050FCE00B0CD0B /* Debug */,
				C8DBB8FC26050FCE00B0CD0B /* Release */,
			);
			defaultConfigurationIsVisible = 0;
			defaultConfigurationName = Release;
		};
		C8DBB8FD26050FCE00B0CD0B /* Build configuration list for PBXNativeTarget "iOSSakshitApp" */ = {
			isa = XCConfigurationList;
			buildConfigurations = (
				C8DBB8FE26050FCE00B0CD0B /* Debug */,
				C8DBB8FF26050FCE00B0CD0B /* Release */,
			);
			defaultConfigurationIsVisible = 0;
			defaultConfigurationName = Release;
		};
		C8DBB90026050FCE00B0CD0B /* Build configuration list for PBXNativeTarget "iOSSakshitAppTests" */ = {
			isa = XCConfigurationList;
			buildConfigurations = (
				C8DBB90126050FCE00B0CD0B /* Debug */,
				C8DBB90226050FCE00B0CD0B /* Release */,
			);
			defaultConfigurationIsVisible = 0;
			defaultConfigurationName = Release;
		};
		C8DBB90326050FCE00B0CD0B /* Build configuration list for PBXNativeTarget "iOSSakshitAppUITests" */ = {
			isa = XCConfigurationList;
			buildConfigurations = (
				C8DBB90426050FCE00B0CD0B /* Debug */,
				C8DBB90526050FCE00B0CD0B /* Release */,
			);
			defaultConfigurationIsVisible = 0;
			defaultConfigurationName = Release;
		};
/* End XCConfigurationList section */
	};
	rootObject = C8DBB8D026050FC500B0CD0B /* Project object */;
}
